
Microsoft Visual Studio Solution File, Format Version 12.00
# Visual Studio Version 16
VisualStudioVersion = 16.0.31321.278
MinimumVisualStudioVersion = 10.0.40219.1
Project("{FAE04EC0-301F-11D3-BF4B-00C04F79EFBC}") = "PresentationLayer", "PresentationLayer.csproj", "{173E05E7-CF2C-4CEF-BCBF-7C0021794F0E}"
EndProject
Project("{FAE04EC0-301F-11D3-BF4B-00C04F79EFBC}") = "DataAccessLayer", "..\DataAccessLayer\DataAccessLayer.csproj", "{9BA2BBE2-1D2C-4C3A-9B29-9C512983179C}"
EndProject
Global
	GlobalSection(SolutionConfigurationPlatforms) = preSolution
		Debug|Any CPU = Debug|Any CPU
		Release|Any CPU = Release|Any CPU
	EndGlobalSection
	GlobalSection(ProjectConfigurationPlatforms) = postSolution
		{173E05E7-CF2C-4CEF-BCBF-7C0021794F0E}.Debug|Any CPU.ActiveCfg = Debug|Any CPU
		{173E05E7-CF2C-4CEF-BCBF-7C0021794F0E}.Debug|Any CPU.Build.0 = Debug|Any CPU
		{173E05E7-CF2C-4CEF-BCBF-7C0021794F0E}.Release|Any CPU.ActiveCfg = Release|Any CPU
		{173E05E7-CF2C-4CEF-BCBF-7C0021794F0E}.Release|Any CPU.Build.0 = Release|Any CPU
		{9BA2BBE2-1D2C-4C3A-9B29-9C512983179C}.Debug|Any CPU.ActiveCfg = Debug|Any CPU
		{9BA2BBE2-1D2C-4C3A-9B29-9C512983179C}.Debug|Any CPU.Build.0 = Debug|Any CPU
		{9BA2BBE2-1D2C-4C3A-9B29-9C512983179C}.Release|Any CPU.ActiveCfg = Release|Any CPU
		{9BA2BBE2-1D2C-4C3A-9B29-9C512983179C}.Release|Any CPU.Build.0 = Release|Any CPU
	EndGlobalSection
	GlobalSection(SolutionProperties) = preSolution
		HideSolutionNode = FALSE
	EndGlobalSection
	GlobalSection(ExtensibilityGlobals) = postSolution
		SolutionGuid = {55717D93-87A4-4BA7-AAC3-6340C05DC501}
	EndGlobalSection
EndGlobal
